
Microsoft Visual Studio Solution File, Format Version 12.00
# Visual Studio Version 17
VisualStudioVersion = 17.4.33110.190
MinimumVisualStudioVersion = 10.0.40219.1
Project("{FAE04EC0-301F-11D3-BF4B-00C04F79EFBC}") = "Financeira", "Financeira\Financeira.csproj", "{27CFB446-E260-4774-A489-73D6A5AE304F}"
EndProject
Global
	GlobalSection(SolutionConfigurationPlatforms) = preSolution
		Debug|Any CPU = Debug|Any CPU
		Release|Any CPU = Release|Any CPU
	EndGlobalSection
	GlobalSection(ProjectConfigurationPlatforms) = postSolution
		{27CFB446-E260-4774-A489-73D6A5AE304F}.Debug|Any CPU.ActiveCfg = Debug|Any CPU
		{27CFB446-E260-4774-A489-73D6A5AE304F}.Debug|Any CPU.Build.0 = Debug|Any CPU
		{27CFB446-E260-4774-A489-73D6A5AE304F}.Release|Any CPU.ActiveCfg = Release|Any CPU
		{27CFB446-E260-4774-A489-73D6A5AE304F}.Release|Any CPU.Build.0 = Release|Any CPU
	EndGlobalSection
	GlobalSection(SolutionProperties) = preSolution
		HideSolutionNode = FALSE
	EndGlobalSection
	GlobalSection(ExtensibilityGlobals) = postSolution
		SolutionGuid = {397C2E33-04B8-456C-8486-87B1A3F364D6}
	EndGlobalSection
EndGlobal
